
Microsoft Visual Studio Solution File, Format Version 12.00
# Visual Studio Version 17
VisualStudioVersion = 17.1.32319.34
MinimumVisualStudioVersion = 10.0.40219.1
Project("{9A19103F-16F7-4668-BE54-9A1E7A4F7556}") = "ProgressiveDifficultyWordle", "ProgressiveDifficultyWordle\ProgressiveDifficultyWordle.csproj", "{662BD2C0-35B0-458F-A5F9-797C2DFCB23C}"
EndProject
Project("{2150E333-8FDC-42A3-9474-1A3956D46DE8}") = "Solution Items", "Solution Items", "{F08608AD-C582-42EA-84BA-3238AD93C1EE}"
	ProjectSection(SolutionItems) = preProject
		README.md = README.md
	EndProjectSection
EndProject
Project("{9092AA53-FB77-4645-B42D-1CCCA6BD08BD}") = "ProgressiveDifficultyWordleJavaScriptTesting", "ProgressiveDifficultyWordleJavaScriptTesting\ProgressiveDifficultyWordleJavaScriptTesting.njsproj", "{4989387F-2C79-4BDC-87C4-98E97755B997}"
EndProject
Global
	GlobalSection(SolutionConfigurationPlatforms) = preSolution
		Debug|Any CPU = Debug|Any CPU
		Release|Any CPU = Release|Any CPU
	EndGlobalSection
	GlobalSection(ProjectConfigurationPlatforms) = postSolution
		{662BD2C0-35B0-458F-A5F9-797C2DFCB23C}.Debug|Any CPU.ActiveCfg = Debug|Any CPU
		{662BD2C0-35B0-458F-A5F9-797C2DFCB23C}.Debug|Any CPU.Build.0 = Debug|Any CPU
		{662BD2C0-35B0-458F-A5F9-797C2DFCB23C}.Release|Any CPU.ActiveCfg = Release|Any CPU
		{662BD2C0-35B0-458F-A5F9-797C2DFCB23C}.Release|Any CPU.Build.0 = Release|Any CPU
		{4989387F-2C79-4BDC-87C4-98E97755B997}.Debug|Any CPU.ActiveCfg = Debug|Any CPU
		{4989387F-2C79-4BDC-87C4-98E97755B997}.Debug|Any CPU.Build.0 = Debug|Any CPU
		{4989387F-2C79-4BDC-87C4-98E97755B997}.Release|Any CPU.ActiveCfg = Release|Any CPU
		{4989387F-2C79-4BDC-87C4-98E97755B997}.Release|Any CPU.Build.0 = Release|Any CPU
	EndGlobalSection
	GlobalSection(SolutionProperties) = preSolution
		HideSolutionNode = FALSE
	EndGlobalSection
	GlobalSection(ExtensibilityGlobals) = postSolution
		SolutionGuid = {D8AD37FD-DF53-4AB3-936A-634C769FAA62}
	EndGlobalSection
EndGlobal
